
Microsoft Visual Studio Solution File, Format Version 12.00
Project("{FAE04EC0-301F-11D3-BF4B-00C04F79EFBC}") = "DigitalStore.Service", "DigitalStore.Service\DigitalStore.Service.csproj", "{89A09781-74D0-4BEC-AECF-5D721E5730EB}"
EndProject
Project("{FAE04EC0-301F-11D3-BF4B-00C04F79EFBC}") = "DigitalStore.DataAccess", "DigitalStore.DataAccess\DigitalStore.DataAccess.csproj", "{A6C900C9-4583-4C1F-8377-03B6F9853CAD}"
EndProject
Project("{FAE04EC0-301F-11D3-BF4B-00C04F79EFBC}") = "DigitalStore.Repository", "DigitalStore.Repository\DigitalStore.Repository.csproj", "{55F8F529-6963-45DA-AD61-20D1CC473D17}"
EndProject
Global
	GlobalSection(SolutionConfigurationPlatforms) = preSolution
		Debug|Any CPU = Debug|Any CPU
		Release|Any CPU = Release|Any CPU
	EndGlobalSection
	GlobalSection(ProjectConfigurationPlatforms) = postSolution
		{89A09781-74D0-4BEC-AECF-5D721E5730EB}.Debug|Any CPU.ActiveCfg = Debug|Any CPU
		{89A09781-74D0-4BEC-AECF-5D721E5730EB}.Debug|Any CPU.Build.0 = Debug|Any CPU
		{89A09781-74D0-4BEC-AECF-5D721E5730EB}.Release|Any CPU.ActiveCfg = Release|Any CPU
		{89A09781-74D0-4BEC-AECF-5D721E5730EB}.Release|Any CPU.Build.0 = Release|Any CPU
		{A6C900C9-4583-4C1F-8377-03B6F9853CAD}.Debug|Any CPU.ActiveCfg = Debug|Any CPU
		{A6C900C9-4583-4C1F-8377-03B6F9853CAD}.Debug|Any CPU.Build.0 = Debug|Any CPU
		{A6C900C9-4583-4C1F-8377-03B6F9853CAD}.Release|Any CPU.ActiveCfg = Release|Any CPU
		{A6C900C9-4583-4C1F-8377-03B6F9853CAD}.Release|Any CPU.Build.0 = Release|Any CPU
		{55F8F529-6963-45DA-AD61-20D1CC473D17}.Debug|Any CPU.ActiveCfg = Debug|Any CPU
		{55F8F529-6963-45DA-AD61-20D1CC473D17}.Debug|Any CPU.Build.0 = Debug|Any CPU
		{55F8F529-6963-45DA-AD61-20D1CC473D17}.Release|Any CPU.ActiveCfg = Release|Any CPU
		{55F8F529-6963-45DA-AD61-20D1CC473D17}.Release|Any CPU.Build.0 = Release|Any CPU
	EndGlobalSection
EndGlobal
